
Microsoft Visual Studio Solution File, Format Version 12.00
# Visual Studio 15
VisualStudioVersion = 15.0.28307.1401
MinimumVisualStudioVersion = 10.0.40219.1
Project("{FAE04EC0-301F-11D3-BF4B-00C04F79EFBC}") = "VocabularyGameForm", "VocabularyGameForm\VocabularyGameForm.csproj", "{F6B01B95-A8FE-429B-9CF4-253D20E2C4CA}"
EndProject
Global
	GlobalSection(SolutionConfigurationPlatforms) = preSolution
		Debug|Any CPU = Debug|Any CPU
		Release|Any CPU = Release|Any CPU
	EndGlobalSection
	GlobalSection(ProjectConfigurationPlatforms) = postSolution
		{F6B01B95-A8FE-429B-9CF4-253D20E2C4CA}.Debug|Any CPU.ActiveCfg = Debug|Any CPU
		{F6B01B95-A8FE-429B-9CF4-253D20E2C4CA}.Debug|Any CPU.Build.0 = Debug|Any CPU
		{F6B01B95-A8FE-429B-9CF4-253D20E2C4CA}.Release|Any CPU.ActiveCfg = Release|Any CPU
		{F6B01B95-A8FE-429B-9CF4-253D20E2C4CA}.Release|Any CPU.Build.0 = Release|Any CPU
	EndGlobalSection
	GlobalSection(SolutionProperties) = preSolution
		HideSolutionNode = FALSE
	EndGlobalSection
	GlobalSection(ExtensibilityGlobals) = postSolution
		SolutionGuid = {828ACF3B-45F2-469E-900C-66C51E25F0C4}
	EndGlobalSection
EndGlobal
